
Microsoft Visual Studio Solution File, Format Version 12.00
# Visual Studio Version 17
VisualStudioVersion = 17.4.33205.214
MinimumVisualStudioVersion = 10.0.40219.1
Project("{FAE04EC0-301F-11D3-BF4B-00C04F79EFBC}") = "ConstructorExamples", "ConstructorExamples\ConstructorExamples.csproj", "{CBB46C73-AD50-4BFE-889D-98FEFE6AF54A}"
EndProject
Global
	GlobalSection(SolutionConfigurationPlatforms) = preSolution
		Debug|Any CPU = Debug|Any CPU
		Release|Any CPU = Release|Any CPU
	EndGlobalSection
	GlobalSection(ProjectConfigurationPlatforms) = postSolution
		{CBB46C73-AD50-4BFE-889D-98FEFE6AF54A}.Debug|Any CPU.ActiveCfg = Debug|Any CPU
		{CBB46C73-AD50-4BFE-889D-98FEFE6AF54A}.Debug|Any CPU.Build.0 = Debug|Any CPU
		{CBB46C73-AD50-4BFE-889D-98FEFE6AF54A}.Release|Any CPU.ActiveCfg = Release|Any CPU
		{CBB46C73-AD50-4BFE-889D-98FEFE6AF54A}.Release|Any CPU.Build.0 = Release|Any CPU
	EndGlobalSection
	GlobalSection(SolutionProperties) = preSolution
		HideSolutionNode = FALSE
	EndGlobalSection
	GlobalSection(ExtensibilityGlobals) = postSolution
		SolutionGuid = {B8C9BFA6-2EBD-4BEC-B8C5-932A78A7D174}
	EndGlobalSection
EndGlobal
